
Microsoft Visual Studio Solution File, Format Version 12.00
# Visual Studio Version 16
VisualStudioVersion = 16.0.29409.12
MinimumVisualStudioVersion = 10.0.40219.1
Project("{FAE04EC0-301F-11D3-BF4B-00C04F79EFBC}") = "Rock_Paper_Scissor", "Rock_Paper_Scissor\Rock_Paper_Scissor.csproj", "{247173A1-427A-4E97-BBB7-8949E268960C}"
EndProject
Global
	GlobalSection(SolutionConfigurationPlatforms) = preSolution
		Debug|Any CPU = Debug|Any CPU
		Release|Any CPU = Release|Any CPU
	EndGlobalSection
	GlobalSection(ProjectConfigurationPlatforms) = postSolution
		{247173A1-427A-4E97-BBB7-8949E268960C}.Debug|Any CPU.ActiveCfg = Debug|Any CPU
		{247173A1-427A-4E97-BBB7-8949E268960C}.Debug|Any CPU.Build.0 = Debug|Any CPU
		{247173A1-427A-4E97-BBB7-8949E268960C}.Release|Any CPU.ActiveCfg = Release|Any CPU
		{247173A1-427A-4E97-BBB7-8949E268960C}.Release|Any CPU.Build.0 = Release|Any CPU
	EndGlobalSection
	GlobalSection(SolutionProperties) = preSolution
		HideSolutionNode = FALSE
	EndGlobalSection
	GlobalSection(ExtensibilityGlobals) = postSolution
		SolutionGuid = {86355A51-C92A-4415-9901-6945337420F8}
	EndGlobalSection
EndGlobal
